// !$*UTF8*$!
{
	archiveVersion = 1;
	classes = {
	};
	objectVersion = 77;
	objects = {

/* Begin PBXBuildFile section */
		01CA1C7AB95C7C234B95A403 /* HomeScreen.swift in Sources */ = {isa = PBXBuildFile; fileRef = 05A35C55F156CE4480CF763C /* HomeScreen.swift */; };
		0A013EDB062A80EFCDB5BAD0 /* Consent.swift in Sources */ = {isa = PBXBuildFile; fileRef = C8AB4F26FEB853C4B49F7988 /* Consent.swift */; };
		20F038D3B3ECF7634BEC4266 /* TravelScreen.swift in Sources */ = {isa = PBXBuildFile; fileRef = 6E43C8FA8AE163AEF722ED31 /* TravelScreen.swift */; };
		26286860F2F0C9B67191AAF6 /* Models.swift in Sources */ = {isa = PBXBuildFile; fileRef = 78E305C5EDBCBAB54068928D /* Models.swift */; };
		2D898909BA2816F7807E1DAC /* DogTagApp.swift in Sources */ = {isa = PBXBuildFile; fileRef = 3FD7EFA2677AB3DBF7E7BAB0 /* DogTagApp.swift */; };
		3195F181C655ED2791616210 /* dogtag_standard.swift in Sources */ = {isa = PBXBuildFile; fileRef = 58F03AC298F9C638E20ECE1D /* dogtag_standard.swift */; };
		3F1ED6BFE55CC539565CF5B3 /* DocumentsScreen.swift in Sources */ = {isa = PBXBuildFile; fileRef = 7DC51E046B7E0F7C0F0CA79A /* DocumentsScreen.swift */; };
		4700C3226AED9C06D0D56FC1 /* DogTagFFI.xcframework in Frameworks */ = {isa = PBXBuildFile; fileRef = 1DE9492A41E44C4441AF7189 /* DogTagFFI.xcframework */; };
		49DE2EAF2A416E46CC4633B1 /* Wordlist.swift in Sources */ = {isa = PBXBuildFile; fileRef = E35067E42CB675A6C8D77F8D /* Wordlist.swift */; };
		66976D595E830B76C1B03649 /* roax.json in Resources */ = {isa = PBXBuildFile; fileRef = E4CB964F92162E883F581DE3 /* roax.json */; };
		6C880A8C57CA3473792895CB /* testvectors.json in Resources */ = {isa = PBXBuildFile; fileRef = BBCC68456C4002493E9519A5 /* testvectors.json */; };
		82DFB6F5477D97DDCA88CF69 /* Theme.swift in Sources */ = {isa = PBXBuildFile; fileRef = A7926F506647E68F6A59FDAF /* Theme.swift */; };
		88E11CB08CC2C81AE51118FA /* Keccak256.swift in Sources */ = {isa = PBXBuildFile; fileRef = 85DFF42E4A240519092B9764 /* Keccak256.swift */; };
		95966E12D4F0950D42E83A0A /* Secp256k1.swift in Sources */ = {isa = PBXBuildFile; fileRef = 8EFC25577C3EDAD52BEDCE9F /* Secp256k1.swift */; };
		D0F8DCB58714F356E47D7CBE /* VerifyScreen.swift in Sources */ = {isa = PBXBuildFile; fileRef = D798CCFF5A5C7C6A7BFFBF8A /* VerifyScreen.swift */; };
		D4C0703D456B06AF417BD96E /* QR.swift in Sources */ = {isa = PBXBuildFile; fileRef = C48A2C71E910181EB8484314 /* QR.swift */; };
		D5B0677DB22C2B06A76051B5 /* ProfileScreen.swift in Sources */ = {isa = PBXBuildFile; fileRef = 4383F7BC97C38D7BCFE52F35 /* ProfileScreen.swift */; };
		F71346870BDDB878D094DEFE /* BigUInt.swift in Sources */ = {isa = PBXBuildFile; fileRef = D015751D851C794DC4128BC7 /* BigUInt.swift */; };
		F99C7D3CA52E6CCBE02EB6A5 /* Wallet.swift in Sources */ = {isa = PBXBuildFile; fileRef = E35FCC686C0AAD6B317376C7 /* Wallet.swift */; };
/* End PBXBuildFile section */

/* Begin PBXFileReference section */
		05A35C55F156CE4480CF763C /* HomeScreen.swift */ = {isa = PBXFileReference; lastKnownFileType = sourcecode.swift; path = HomeScreen.swift; sourceTree = "<group>"; };
		1DE9492A41E44C4441AF7189 /* DogTagFFI.xcframework */ = {isa = PBXFileReference; lastKnownFileType = wrapper.xcframework; path = DogTagFFI.xcframework; sourceTree = "<group>"; };
		3FD7EFA2677AB3DBF7E7BAB0 /* DogTagApp.swift */ = {isa = PBXFileReference; lastKnownFileType = sourcecode.swift; path = DogTagApp.swift; sourceTree = "<group>"; };
		4383F7BC97C38D7BCFE52F35 /* ProfileScreen.swift */ = {isa = PBXFileReference; lastKnownFileType = sourcecode.swift; path = ProfileScreen.swift; sourceTree = "<group>"; };
		58F03AC298F9C638E20ECE1D /* dogtag_standard.swift */ = {isa = PBXFileReference; lastKnownFileType = sourcecode.swift; path = dogtag_standard.swift; sourceTree = "<group>"; };
		6E43C8FA8AE163AEF722ED31 /* TravelScreen.swift */ = {isa = PBXFileReference; lastKnownFileType = sourcecode.swift; path = TravelScreen.swift; sourceTree = "<group>"; };
		78E305C5EDBCBAB54068928D /* Models.swift */ = {isa = PBXFileReference; lastKnownFileType = sourcecode.swift; path = Models.swift; sourceTree = "<group>"; };
		7DC51E046B7E0F7C0F0CA79A /* DocumentsScreen.swift */ = {isa = PBXFileReference; lastKnownFileType = sourcecode.swift; path = DocumentsScreen.swift; sourceTree = "<group>"; };
		85DFF42E4A240519092B9764 /* Keccak256.swift */ = {isa = PBXFileReference; lastKnownFileType = sourcecode.swift; path = Keccak256.swift; sourceTree = "<group>"; };
		8EFC25577C3EDAD52BEDCE9F /* Secp256k1.swift */ = {isa = PBXFileReference; lastKnownFileType = sourcecode.swift; path = Secp256k1.swift; sourceTree = "<group>"; };
		A7926F506647E68F6A59FDAF /* Theme.swift */ = {isa = PBXFileReference; lastKnownFileType = sourcecode.swift; path = Theme.swift; sourceTree = "<group>"; };
		BBCC68456C4002493E9519A5 /* testvectors.json */ = {isa = PBXFileReference; lastKnownFileType = text.json; path = testvectors.json; sourceTree = "<group>"; };
		C3AF3EC614608D5979DC48A2 /* DogTag.app */ = {isa = PBXFileReference; includeInIndex = 0; lastKnownFileType = wrapper.application; path = DogTag.app; sourceTree = BUILT_PRODUCTS_DIR; };
		C48A2C71E910181EB8484314 /* QR.swift */ = {isa = PBXFileReference; lastKnownFileType = sourcecode.swift; path = QR.swift; sourceTree = "<group>"; };
		C8AB4F26FEB853C4B49F7988 /* Consent.swift */ = {isa = PBXFileReference; lastKnownFileType = sourcecode.swift; path = Consent.swift; sourceTree = "<group>"; };
		D015751D851C794DC4128BC7 /* BigUInt.swift */ = {isa = PBXFileReference; lastKnownFileType = sourcecode.swift; path = BigUInt.swift; sourceTree = "<group>"; };
		D798CCFF5A5C7C6A7BFFBF8A /* VerifyScreen.swift */ = {isa = PBXFileReference; lastKnownFileType = sourcecode.swift; path = VerifyScreen.swift; sourceTree = "<group>"; };
		E35067E42CB675A6C8D77F8D /* Wordlist.swift */ = {isa = PBXFileReference; lastKnownFileType = sourcecode.swift; path = Wordlist.swift; sourceTree = "<group>"; };
		E35FCC686C0AAD6B317376C7 /* Wallet.swift */ = {isa = PBXFileReference; lastKnownFileType = sourcecode.swift; path = Wallet.swift; sourceTree = "<group>"; };
		E4CB964F92162E883F581DE3 /* roax.json */ = {isa = PBXFileReference; lastKnownFileType = text.json; path = roax.json; sourceTree = "<group>"; };
/* End PBXFileReference section */

/* Begin PBXFrameworksBuildPhase section */
		186B12CE368A757B47F50FAD /* Frameworks */ = {
			isa = PBXFrameworksBuildPhase;
			buildActionMask = 2147483647;
			files = (
				4700C3226AED9C06D0D56FC1 /* DogTagFFI.xcframework in Frameworks */,
			);
			runOnlyForDeploymentPostprocessing = 0;
		};
/* End PBXFrameworksBuildPhase section */

/* Begin PBXGroup section */
		2725F60DF8AA95A35E0D9F58 /* Frameworks */ = {
			isa = PBXGroup;
			children = (
				1DE9492A41E44C4441AF7189 /* DogTagFFI.xcframework */,
			);
			name = Frameworks;
			sourceTree = "<group>";
		};
		46F42BA72D4BBAF8804A7F32 /* DogTag */ = {
			isa = PBXGroup;
			children = (
				D015751D851C794DC4128BC7 /* BigUInt.swift */,
				C8AB4F26FEB853C4B49F7988 /* Consent.swift */,
				7DC51E046B7E0F7C0F0CA79A /* DocumentsScreen.swift */,
				58F03AC298F9C638E20ECE1D /* dogtag_standard.swift */,
				3FD7EFA2677AB3DBF7E7BAB0 /* DogTagApp.swift */,
				05A35C55F156CE4480CF763C /* HomeScreen.swift */,
				85DFF42E4A240519092B9764 /* Keccak256.swift */,
				78E305C5EDBCBAB54068928D /* Models.swift */,
				4383F7BC97C38D7BCFE52F35 /* ProfileScreen.swift */,
				C48A2C71E910181EB8484314 /* QR.swift */,
				E4CB964F92162E883F581DE3 /* roax.json */,
				8EFC25577C3EDAD52BEDCE9F /* Secp256k1.swift */,
				BBCC68456C4002493E9519A5 /* testvectors.json */,
				A7926F506647E68F6A59FDAF /* Theme.swift */,
				6E43C8FA8AE163AEF722ED31 /* TravelScreen.swift */,
				D798CCFF5A5C7C6A7BFFBF8A /* VerifyScreen.swift */,
				E35FCC686C0AAD6B317376C7 /* Wallet.swift */,
				E35067E42CB675A6C8D77F8D /* Wordlist.swift */,
			);
			path = DogTag;
			sourceTree = "<group>";
		};
		4EBD50B61DF11EB0F0AAA60E = {
			isa = PBXGroup;
			children = (
				46F42BA72D4BBAF8804A7F32 /* DogTag */,
				2725F60DF8AA95A35E0D9F58 /* Frameworks */,
				5C4C8C00D8225DE6E17DACD4 /* Products */,
			);
			sourceTree = "<group>";
		};
		5C4C8C00D8225DE6E17DACD4 /* Products */ = {
			isa = PBXGroup;
			children = (
				C3AF3EC614608D5979DC48A2 /* DogTag.app */,
			);
			name = Products;
			sourceTree = "<group>";
		};
/* End PBXGroup section */

/* Begin PBXNativeTarget section */
		E5DC45AFEE7006A70B907F39 /* DogTag */ = {
			isa = PBXNativeTarget;
			buildConfigurationList = CB83DFEF81264B76B6FE63FE /* Build configuration list for PBXNativeTarget "DogTag" */;
			buildPhases = (
				3E605069B3519D6D6AE00421 /* Sources */,
				7D8E53148163D26C77126C3E /* Resources */,
				186B12CE368A757B47F50FAD /* Frameworks */,
			);
			buildRules = (
			);
			dependencies = (
			);
			name = DogTag;
			packageProductDependencies = (
			);
			productName = DogTag;
			productReference = C3AF3EC614608D5979DC48A2 /* DogTag.app */;
			productType = "com.apple.product-type.application";
		};
/* End PBXNativeTarget section */

/* Begin PBXProject section */
		8679368CB87B2EFF57FFE0E9 /* Project object */ = {
			isa = PBXProject;
			attributes = {
				BuildIndependentTargetsInParallel = YES;
				LastUpgradeCheck = 1430;
				TargetAttributes = {
					E5DC45AFEE7006A70B907F39 = {
						DevelopmentTeam = AYDBUX9433;
						ProvisioningStyle = Automatic;
					};
				};
			};
			buildConfigurationList = 0AA5DCEF8FFD7350B35A9491 /* Build configuration list for PBXProject "DogTag" */;
			developmentRegion = en;
			hasScannedForEncodings = 0;
			knownRegions = (
				Base,
				en,
			);
			mainGroup = 4EBD50B61DF11EB0F0AAA60E;
			minimizedProjectReferenceProxies = 1;
			preferredProjectObjectVersion = 77;
			productRefGroup = 5C4C8C00D8225DE6E17DACD4 /* Products */;
			projectDirPath = "";
			projectRoot = "";
			targets = (
				E5DC45AFEE7006A70B907F39 /* DogTag */,
			);
		};
/* End PBXProject section */

/* Begin PBXResourcesBuildPhase section */
		7D8E53148163D26C77126C3E /* Resources */ = {
			isa = PBXResourcesBuildPhase;
			buildActionMask = 2147483647;
			files = (
				66976D595E830B76C1B03649 /* roax.json in Resources */,
				6C880A8C57CA3473792895CB /* testvectors.json in Resources */,
			);
			runOnlyForDeploymentPostprocessing = 0;
		};
/* End PBXResourcesBuildPhase section */

/* Begin PBXSourcesBuildPhase section */
		3E605069B3519D6D6AE00421 /* Sources */ = {
			isa = PBXSourcesBuildPhase;
			buildActionMask = 2147483647;
			files = (
				F71346870BDDB878D094DEFE /* BigUInt.swift in Sources */,
				0A013EDB062A80EFCDB5BAD0 /* Consent.swift in Sources */,
				3F1ED6BFE55CC539565CF5B3 /* DocumentsScreen.swift in Sources */,
				2D898909BA2816F7807E1DAC /* DogTagApp.swift in Sources */,
				01CA1C7AB95C7C234B95A403 /* HomeScreen.swift in Sources */,
				88E11CB08CC2C81AE51118FA /* Keccak256.swift in Sources */,
				26286860F2F0C9B67191AAF6 /* Models.swift in Sources */,
				D5B0677DB22C2B06A76051B5 /* ProfileScreen.swift in Sources */,
				D4C0703D456B06AF417BD96E /* QR.swift in Sources */,
				95966E12D4F0950D42E83A0A /* Secp256k1.swift in Sources */,
				82DFB6F5477D97DDCA88CF69 /* Theme.swift in Sources */,
				20F038D3B3ECF7634BEC4266 /* TravelScreen.swift in Sources */,
				D0F8DCB58714F356E47D7CBE /* VerifyScreen.swift in Sources */,
				F99C7D3CA52E6CCBE02EB6A5 /* Wallet.swift in Sources */,
				49DE2EAF2A416E46CC4633B1 /* Wordlist.swift in Sources */,
				3195F181C655ED2791616210 /* dogtag_standard.swift in Sources */,
			);
			runOnlyForDeploymentPostprocessing = 0;
		};
/* End PBXSourcesBuildPhase section */

/* Begin XCBuildConfiguration section */
		0777C7412BE53507CF540A1F /* Release */ = {
			isa = XCBuildConfiguration;
			buildSettings = {
				ASSETCATALOG_COMPILER_APPICON_NAME = AppIcon;
				CODE_SIGN_IDENTITY = "iPhone Developer";
				CURRENT_PROJECT_VERSION = 1;
				FRAMEWORK_SEARCH_PATHS = (
					"$(inherited)",
					"\".\"",
				);
				GENERATE_INFOPLIST_FILE = YES;
				INFOPLIST_KEY_NSCameraUsageDescription = "DogTag scans verifier QR codes to sign verification consents.";
				INFOPLIST_KEY_NSFaceIDUsageDescription = "DogTag uses Face ID to protect your embedded wallet and authorize consent signing.";
				INFOPLIST_KEY_UILaunchScreen_Generation = YES;
				LD_RUNPATH_SEARCH_PATHS = (
					"$(inherited)",
					"@executable_path/Frameworks",
				);
				MARKETING_VERSION = 0.1;
				OTHER_LDFLAGS = "-ObjC";
				PRODUCT_BUNDLE_IDENTIFIER = io.liberalize.dogtag;
				SDKROOT = iphoneos;
				SWIFT_VERSION = 5.0;
				TARGETED_DEVICE_FAMILY = 1;
			};
			name = Release;
		};
		7C785D04DAAD6FBA7D53EABD /* Debug */ = {
			isa = XCBuildConfiguration;
			buildSettings = {
				ASSETCATALOG_COMPILER_APPICON_NAME = AppIcon;
				CODE_SIGN_IDENTITY = "iPhone Developer";
				CURRENT_PROJECT_VERSION = 1;
				FRAMEWORK_SEARCH_PATHS = (
					"$(inherited)",
					"\".\"",
				);
				GENERATE_INFOPLIST_FILE = YES;
				INFOPLIST_KEY_NSCameraUsageDescription = "DogTag scans verifier QR codes to sign verification consents.";
				INFOPLIST_KEY_NSFaceIDUsageDescription = "DogTag uses Face ID to protect your embedded wallet and authorize consent signing.";
				INFOPLIST_KEY_UILaunchScreen_Generation = YES;
				LD_RUNPATH_SEARCH_PATHS = (
					"$(inherited)",
					"@executable_path/Frameworks",
				);
				MARKETING_VERSION = 0.1;
				OTHER_LDFLAGS = "-ObjC";
				PRODUCT_BUNDLE_IDENTIFIER = io.liberalize.dogtag;
				SDKROOT = iphoneos;
				SWIFT_VERSION = 5.0;
				TARGETED_DEVICE_FAMILY = 1;
			};
			name = Debug;
		};
		8BD15804FE2E3AA0315214E2 /* Debug */ = {
			isa = XCBuildConfiguration;
			buildSettings = {
				ALWAYS_SEARCH_USER_PATHS = NO;
				CLANG_ANALYZER_NONNULL = YES;
				CLANG_ANALYZER_NUMBER_OBJECT_CONVERSION = YES_AGGRESSIVE;
				CLANG_CXX_LANGUAGE_STANDARD = "gnu++14";
				CLANG_CXX_LIBRARY = "libc++";
				CLANG_ENABLE_MODULES = YES;
				CLANG_ENABLE_OBJC_ARC = YES;
				CLANG_ENABLE_OBJC_WEAK = YES;
				CLANG_WARN_BLOCK_CAPTURE_AUTORELEASING = YES;
				CLANG_WARN_BOOL_CONVERSION = YES;
				CLANG_WARN_COMMA = YES;
				CLANG_WARN_CONSTANT_CONVERSION = YES;
				CLANG_WARN_DEPRECATED_OBJC_IMPLEMENTATIONS = YES;
				CLANG_WARN_DIRECT_OBJC_ISA_USAGE = YES_ERROR;
				CLANG_WARN_DOCUMENTATION_COMMENTS = YES;
				CLANG_WARN_EMPTY_BODY = YES;
				CLANG_WARN_ENUM_CONVERSION = YES;
				CLANG_WARN_INFINITE_RECURSION = YES;
				CLANG_WARN_INT_CONVERSION = YES;
				CLANG_WARN_NON_LITERAL_NULL_CONVERSION = YES;
				CLANG_WARN_OBJC_IMPLICIT_RETAIN_SELF = YES;
				CLANG_WARN_OBJC_LITERAL_CONVERSION = YES;
				CLANG_WARN_OBJC_ROOT_CLASS = YES_ERROR;
				CLANG_WARN_QUOTED_INCLUDE_IN_FRAMEWORK_HEADER = YES;
				CLANG_WARN_RANGE_LOOP_ANALYSIS = YES;
				CLANG_WARN_STRICT_PROTOTYPES = YES;
				CLANG_WARN_SUSPICIOUS_MOVE = YES;
				CLANG_WARN_UNGUARDED_AVAILABILITY = YES_AGGRESSIVE;
				CLANG_WARN_UNREACHABLE_CODE = YES;
				CLANG_WARN__DUPLICATE_METHOD_MATCH = YES;
				CODE_SIGN_STYLE = Automatic;
				COPY_PHASE_STRIP = NO;
				DEBUG_INFORMATION_FORMAT = dwarf;
				DEVELOPMENT_TEAM = AYDBUX9433;
				ENABLE_STRICT_OBJC_MSGSEND = YES;
				ENABLE_TESTABILITY = YES;
				ENABLE_USER_SCRIPT_SANDBOXING = NO;
				GCC_C_LANGUAGE_STANDARD = gnu11;
				GCC_DYNAMIC_NO_PIC = NO;
				GCC_NO_COMMON_BLOCKS = YES;
				GCC_OPTIMIZATION_LEVEL = 0;
				GCC_PREPROCESSOR_DEFINITIONS = (
					"$(inherited)",
					"DEBUG=1",
				);
				GCC_WARN_64_TO_32_BIT_CONVERSION = YES;
				GCC_WARN_ABOUT_RETURN_TYPE = YES_ERROR;
				GCC_WARN_UNDECLARED_SELECTOR = YES;
				GCC_WARN_UNINITIALIZED_AUTOS = YES_AGGRESSIVE;
				GCC_WARN_UNUSED_FUNCTION = YES;
				GCC_WARN_UNUSED_VARIABLE = YES;
				IPHONEOS_DEPLOYMENT_TARGET = 16.0;
				MTL_ENABLE_DEBUG_INFO = INCLUDE_SOURCE;
				MTL_FAST_MATH = YES;
				ONLY_ACTIVE_ARCH = YES;
				PRODUCT_NAME = "$(TARGET_NAME)";
				SDKROOT = iphoneos;
				SWIFT_ACTIVE_COMPILATION_CONDITIONS = DEBUG;
				SWIFT_OPTIMIZATION_LEVEL = "-Onone";
				SWIFT_VERSION = 5.0;
			};
			name = Debug;
		};
		C1CBC287EF301B34B1D6528F /* Release */ = {
			isa = XCBuildConfiguration;
			buildSettings = {
				ALWAYS_SEARCH_USER_PATHS = NO;
				CLANG_ANALYZER_NONNULL = YES;
				CLANG_ANALYZER_NUMBER_OBJECT_CONVERSION = YES_AGGRESSIVE;
				CLANG_CXX_LANGUAGE_STANDARD = "gnu++14";
				CLANG_CXX_LIBRARY = "libc++";
				CLANG_ENABLE_MODULES = YES;
				CLANG_ENABLE_OBJC_ARC = YES;
				CLANG_ENABLE_OBJC_WEAK = YES;
				CLANG_WARN_BLOCK_CAPTURE_AUTORELEASING = YES;
				CLANG_WARN_BOOL_CONVERSION = YES;
				CLANG_WARN_COMMA = YES;
				CLANG_WARN_CONSTANT_CONVERSION = YES;
				CLANG_WARN_DEPRECATED_OBJC_IMPLEMENTATIONS = YES;
				CLANG_WARN_DIRECT_OBJC_ISA_USAGE = YES_ERROR;
				CLANG_WARN_DOCUMENTATION_COMMENTS = YES;
				CLANG_WARN_EMPTY_BODY = YES;
				CLANG_WARN_ENUM_CONVERSION = YES;
				CLANG_WARN_INFINITE_RECURSION = YES;
				CLANG_WARN_INT_CONVERSION = YES;
				CLANG_WARN_NON_LITERAL_NULL_CONVERSION = YES;
				CLANG_WARN_OBJC_IMPLICIT_RETAIN_SELF = YES;
				CLANG_WARN_OBJC_LITERAL_CONVERSION = YES;
				CLANG_WARN_OBJC_ROOT_CLASS = YES_ERROR;
				CLANG_WARN_QUOTED_INCLUDE_IN_FRAMEWORK_HEADER = YES;
				CLANG_WARN_RANGE_LOOP_ANALYSIS = YES;
				CLANG_WARN_STRICT_PROTOTYPES = YES;
				CLANG_WARN_SUSPICIOUS_MOVE = YES;
				CLANG_WARN_UNGUARDED_AVAILABILITY = YES_AGGRESSIVE;
				CLANG_WARN_UNREACHABLE_CODE = YES;
				CLANG_WARN__DUPLICATE_METHOD_MATCH = YES;
				CODE_SIGN_STYLE = Automatic;
				COPY_PHASE_STRIP = NO;
				DEBUG_INFORMATION_FORMAT = "dwarf-with-dsym";
				DEVELOPMENT_TEAM = AYDBUX9433;
				ENABLE_NS_ASSERTIONS = NO;
				ENABLE_STRICT_OBJC_MSGSEND = YES;
				ENABLE_USER_SCRIPT_SANDBOXING = NO;
				GCC_C_LANGUAGE_STANDARD = gnu11;
				GCC_NO_COMMON_BLOCKS = YES;
				GCC_WARN_64_TO_32_BIT_CONVERSION = YES;
				GCC_WARN_ABOUT_RETURN_TYPE = YES_ERROR;
				GCC_WARN_UNDECLARED_SELECTOR = YES;
				GCC_WARN_UNINITIALIZED_AUTOS = YES_AGGRESSIVE;
				GCC_WARN_UNUSED_FUNCTION = YES;
				GCC_WARN_UNUSED_VARIABLE = YES;
				IPHONEOS_DEPLOYMENT_TARGET = 16.0;
				MTL_ENABLE_DEBUG_INFO = NO;
				MTL_FAST_MATH = YES;
				PRODUCT_NAME = "$(TARGET_NAME)";
				SDKROOT = iphoneos;
				SWIFT_COMPILATION_MODE = wholemodule;
				SWIFT_OPTIMIZATION_LEVEL = "-O";
				SWIFT_VERSION = 5.0;
			};
			name = Release;
		};
/* End XCBuildConfiguration section */

/* Begin XCConfigurationList section */
		0AA5DCEF8FFD7350B35A9491 /* Build configuration list for PBXProject "DogTag" */ = {
			isa = XCConfigurationList;
			buildConfigurations = (
				8BD15804FE2E3AA0315214E2 /* Debug */,
				C1CBC287EF301B34B1D6528F /* Release */,
			);
			defaultConfigurationIsVisible = 0;
			defaultConfigurationName = Debug;
		};
		CB83DFEF81264B76B6FE63FE /* Build configuration list for PBXNativeTarget "DogTag" */ = {
			isa = XCConfigurationList;
			buildConfigurations = (
				7C785D04DAAD6FBA7D53EABD /* Debug */,
				0777C7412BE53507CF540A1F /* Release */,
			);
			defaultConfigurationIsVisible = 0;
			defaultConfigurationName = Debug;
		};
/* End XCConfigurationList section */
	};
	rootObject = 8679368CB87B2EFF57FFE0E9 /* Project object */;
}
